
Microsoft Visual Studio Solution File, Format Version 12.00
# Visual Studio Version 17
VisualStudioVersion = 17.13.35828.75 d17.13
MinimumVisualStudioVersion = 10.0.40219.1
Project("{FAE04EC0-301F-11D3-BF4B-00C04F79EFBC}") = "LaterGatorAPI", "LaterGatorAPI\LaterGatorAPI.csproj", "{31D376EE-3AE3-4947-80A7-C108140D9C12}"
EndProject
Global
	GlobalSection(SolutionConfigurationPlatforms) = preSolution
		Debug|Any CPU = Debug|Any CPU
		Release|Any CPU = Release|Any CPU
	EndGlobalSection
	GlobalSection(ProjectConfigurationPlatforms) = postSolution
		{31D376EE-3AE3-4947-80A7-C108140D9C12}.Debug|Any CPU.ActiveCfg = Debug|Any CPU
		{31D376EE-3AE3-4947-80A7-C108140D9C12}.Debug|Any CPU.Build.0 = Debug|Any CPU
		{31D376EE-3AE3-4947-80A7-C108140D9C12}.Release|Any CPU.ActiveCfg = Release|Any CPU
		{31D376EE-3AE3-4947-80A7-C108140D9C12}.Release|Any CPU.Build.0 = Release|Any CPU
	EndGlobalSection
	GlobalSection(SolutionProperties) = preSolution
		HideSolutionNode = FALSE
	EndGlobalSection
	GlobalSection(ExtensibilityGlobals) = postSolution
		SolutionGuid = {FDF56CB9-55E3-4017-818F-FAE878D623C4}
	EndGlobalSection
EndGlobal
